
Microsoft Visual Studio Solution File, Format Version 12.00
# Visual Studio for Mac
Project("{FAE04EC0-301F-11D3-BF4B-00C04F79EFBC}") = "Plunky", "Assembly-CSharp.csproj", "{64E58080-2715-FFEB-0287-D666E571DE28}"
EndProject
Project("{FAE04EC0-301F-11D3-BF4B-00C04F79EFBC}") = "Plunky", "Assembly-CSharp-firstpass.csproj", "{5868B2A9-4F21-5964-AA5C-100EF3AA81F5}"
EndProject
Project("{FAE04EC0-301F-11D3-BF4B-00C04F79EFBC}") = "Plunky", "Assembly-CSharp-Editor-firstpass.csproj", "{C633568D-60B7-11FD-B87A-BF7563EA2A82}"
EndProject
Project("{FAE04EC0-301F-11D3-BF4B-00C04F79EFBC}") = "Plunky", "Assembly-CSharp-Editor.csproj", "{48B135A6-1AC1-DA68-1A47-C0E6B98B2014}"
EndProject
Global
	GlobalSection(SolutionConfigurationPlatforms) = preSolution
		Debug|Any CPU = Debug|Any CPU
		Release|Any CPU = Release|Any CPU
	EndGlobalSection
	GlobalSection(ProjectConfigurationPlatforms) = postSolution
		{64E58080-2715-FFEB-0287-D666E571DE28}.Debug|Any CPU.ActiveCfg = Debug|Any CPU
		{64E58080-2715-FFEB-0287-D666E571DE28}.Debug|Any CPU.Build.0 = Debug|Any CPU
		{64E58080-2715-FFEB-0287-D666E571DE28}.Release|Any CPU.ActiveCfg = Release|Any CPU
		{64E58080-2715-FFEB-0287-D666E571DE28}.Release|Any CPU.Build.0 = Release|Any CPU
		{5868B2A9-4F21-5964-AA5C-100EF3AA81F5}.Debug|Any CPU.ActiveCfg = Debug|Any CPU
		{5868B2A9-4F21-5964-AA5C-100EF3AA81F5}.Debug|Any CPU.Build.0 = Debug|Any CPU
		{5868B2A9-4F21-5964-AA5C-100EF3AA81F5}.Release|Any CPU.ActiveCfg = Release|Any CPU
		{5868B2A9-4F21-5964-AA5C-100EF3AA81F5}.Release|Any CPU.Build.0 = Release|Any CPU
		{C633568D-60B7-11FD-B87A-BF7563EA2A82}.Debug|Any CPU.ActiveCfg = Debug|Any CPU
		{C633568D-60B7-11FD-B87A-BF7563EA2A82}.Debug|Any CPU.Build.0 = Debug|Any CPU
		{C633568D-60B7-11FD-B87A-BF7563EA2A82}.Release|Any CPU.ActiveCfg = Release|Any CPU
		{C633568D-60B7-11FD-B87A-BF7563EA2A82}.Release|Any CPU.Build.0 = Release|Any CPU
		{48B135A6-1AC1-DA68-1A47-C0E6B98B2014}.Debug|Any CPU.ActiveCfg = Debug|Any CPU
		{48B135A6-1AC1-DA68-1A47-C0E6B98B2014}.Debug|Any CPU.Build.0 = Debug|Any CPU
		{48B135A6-1AC1-DA68-1A47-C0E6B98B2014}.Release|Any CPU.ActiveCfg = Release|Any CPU
		{48B135A6-1AC1-DA68-1A47-C0E6B98B2014}.Release|Any CPU.Build.0 = Release|Any CPU
	EndGlobalSection
	GlobalSection(SolutionProperties) = preSolution
		HideSolutionNode = FALSE
	EndGlobalSection
EndGlobal
